
Microsoft Visual Studio Solution File, Format Version 12.00
# Visual Studio Version 16
VisualStudioVersion = 16.0.29025.244
MinimumVisualStudioVersion = 10.0.40219.1
Project("{8BC9CEB8-8B4A-11D0-8D11-00A0C91BC942}") = "CppOOPTest", "CppOOPTest.vcxproj", "{78D7E88B-E5FC-44DB-BBD4-95098B4A8BC9}"
EndProject
Global
	GlobalSection(SolutionConfigurationPlatforms) = preSolution
		Debug|x64 = Debug|x64
		Debug|x86 = Debug|x86
		Release|x64 = Release|x64
		Release|x86 = Release|x86
	EndGlobalSection
	GlobalSection(ProjectConfigurationPlatforms) = postSolution
		{78D7E88B-E5FC-44DB-BBD4-95098B4A8BC9}.Debug|x64.ActiveCfg = Debug|x64
		{78D7E88B-E5FC-44DB-BBD4-95098B4A8BC9}.Debug|x64.Build.0 = Debug|x64
		{78D7E88B-E5FC-44DB-BBD4-95098B4A8BC9}.Debug|x86.ActiveCfg = Debug|Win32
		{78D7E88B-E5FC-44DB-BBD4-95098B4A8BC9}.Debug|x86.Build.0 = Debug|Win32
		{78D7E88B-E5FC-44DB-BBD4-95098B4A8BC9}.Release|x64.ActiveCfg = Release|x64
		{78D7E88B-E5FC-44DB-BBD4-95098B4A8BC9}.Release|x64.Build.0 = Release|x64
		{78D7E88B-E5FC-44DB-BBD4-95098B4A8BC9}.Release|x86.ActiveCfg = Release|Win32
		{78D7E88B-E5FC-44DB-BBD4-95098B4A8BC9}.Release|x86.Build.0 = Release|Win32
	EndGlobalSection
	GlobalSection(SolutionProperties) = preSolution
		HideSolutionNode = FALSE
	EndGlobalSection
	GlobalSection(ExtensibilityGlobals) = postSolution
		SolutionGuid = {56A17F21-5D93-4939-89FE-83CEE75E2AA1}
	EndGlobalSection
EndGlobal
